// !$*UTF8*$!
{
	archiveVersion = 1;
	classes = {
	};
	objectVersion = 56;
	objects = {

/* Begin PBXBuildFile section */
		FB605ED82A61A0BE00FC0F09 /* AppDelegate.swift in Sources */ = {isa = PBXBuildFile; fileRef = FB605ED72A61A0BD00FC0F09 /* AppDelegate.swift */; };
		FB605EDA2A61A0BE00FC0F09 /* SceneDelegate.swift in Sources */ = {isa = PBXBuildFile; fileRef = FB605ED92A61A0BE00FC0F09 /* SceneDelegate.swift */; };
		FB605EDC2A61A0BE00FC0F09 /* ViewController.swift in Sources */ = {isa = PBXBuildFile; fileRef = FB605EDB2A61A0BE00FC0F09 /* ViewController.swift */; };
		FB605EDF2A61A0BE00FC0F09 /* Main.storyboard in Resources */ = {isa = PBXBuildFile; fileRef = FB605EDD2A61A0BE00FC0F09 /* Main.storyboard */; };
		FB605EE12A61A0C000FC0F09 /* Assets.xcassets in Resources */ = {isa = PBXBuildFile; fileRef = FB605EE02A61A0C000FC0F09 /* Assets.xcassets */; };
		FB605EE42A61A0C000FC0F09 /* LaunchScreen.storyboard in Resources */ = {isa = PBXBuildFile; fileRef = FB605EE22A61A0C000FC0F09 /* LaunchScreen.storyboard */; };
		FB75AE012A6A6CB9003733A7 /* PersonCell.swift in Sources */ = {isa = PBXBuildFile; fileRef = FB75AE002A6A6CB9003733A7 /* PersonCell.swift */; };
		FB75AE032A6AC73E003733A7 /* Person.swift in Sources */ = {isa = PBXBuildFile; fileRef = FB75AE022A6AC73E003733A7 /* Person.swift */; };
/* End PBXBuildFile section */

/* Begin PBXFileReference section */
		FB605ED42A61A0BD00FC0F09 /* Project10_Names_to_Faces.app */ = {isa = PBXFileReference; explicitFileType = wrapper.application; includeInIndex = 0; path = Project10_Names_to_Faces.app; sourceTree = BUILT_PRODUCTS_DIR; };
		FB605ED72A61A0BD00FC0F09 /* AppDelegate.swift */ = {isa = PBXFileReference; lastKnownFileType = sourcecode.swift; path = AppDelegate.swift; sourceTree = "<group>"; };
		FB605ED92A61A0BE00FC0F09 /* SceneDelegate.swift */ = {isa = PBXFileReference; lastKnownFileType = sourcecode.swift; path = SceneDelegate.swift; sourceTree = "<group>"; };
		FB605EDB2A61A0BE00FC0F09 /* ViewController.swift */ = {isa = PBXFileReference; lastKnownFileType = sourcecode.swift; path = ViewController.swift; sourceTree = "<group>"; };
		FB605EDE2A61A0BE00FC0F09 /* Base */ = {isa = PBXFileReference; lastKnownFileType = file.storyboard; name = Base; path = Base.lproj/Main.storyboard; sourceTree = "<group>"; };
		FB605EE02A61A0C000FC0F09 /* Assets.xcassets */ = {isa = PBXFileReference; lastKnownFileType = folder.assetcatalog; path = Assets.xcassets; sourceTree = "<group>"; };
		FB605EE32A61A0C000FC0F09 /* Base */ = {isa = PBXFileReference; lastKnownFileType = file.storyboard; name = Base; path = Base.lproj/LaunchScreen.storyboard; sourceTree = "<group>"; };
		FB605EE52A61A0C000FC0F09 /* Info.plist */ = {isa = PBXFileReference; lastKnownFileType = text.plist.xml; path = Info.plist; sourceTree = "<group>"; };
		FB75AE002A6A6CB9003733A7 /* PersonCell.swift */ = {isa = PBXFileReference; lastKnownFileType = sourcecode.swift; path = PersonCell.swift; sourceTree = "<group>"; };
		FB75AE022A6AC73E003733A7 /* Person.swift */ = {isa = PBXFileReference; lastKnownFileType = sourcecode.swift; path = Person.swift; sourceTree = "<group>"; };
/* End PBXFileReference section */

/* Begin PBXFrameworksBuildPhase section */
		FB605ED12A61A0BD00FC0F09 /* Frameworks */ = {
			isa = PBXFrameworksBuildPhase;
			buildActionMask = 2147483647;
			files = (
			);
			runOnlyForDeploymentPostprocessing = 0;
		};
/* End PBXFrameworksBuildPhase section */

/* Begin PBXGroup section */
		FB605ECB2A61A0BD00FC0F09 = {
			isa = PBXGroup;
			children = (
				FB605ED62A61A0BD00FC0F09 /* Project10_Names_to_Faces */,
				FB605ED52A61A0BD00FC0F09 /* Products */,
			);
			sourceTree = "<group>";
		};
		FB605ED52A61A0BD00FC0F09 /* Products */ = {
			isa = PBXGroup;
			children = (
				FB605ED42A61A0BD00FC0F09 /* Project10_Names_to_Faces.app */,
			);
			name = Products;
			sourceTree = "<group>";
		};
		FB605ED62A61A0BD00FC0F09 /* Project10_Names_to_Faces */ = {
			isa = PBXGroup;
			children = (
				FB605ED72A61A0BD00FC0F09 /* AppDelegate.swift */,
				FB605ED92A61A0BE00FC0F09 /* SceneDelegate.swift */,
				FB605EDB2A61A0BE00FC0F09 /* ViewController.swift */,
				FB75AE002A6A6CB9003733A7 /* PersonCell.swift */,
				FB75AE022A6AC73E003733A7 /* Person.swift */,
				FB605EDD2A61A0BE00FC0F09 /* Main.storyboard */,
				FB605EE02A61A0C000FC0F09 /* Assets.xcassets */,
				FB605EE22A61A0C000FC0F09 /* LaunchScreen.storyboard */,
				FB605EE52A61A0C000FC0F09 /* Info.plist */,
			);
			path = Project10_Names_to_Faces;
			sourceTree = "<group>";
		};
/* End PBXGroup section */

/* Begin PBXNativeTarget section */
		FB605ED32A61A0BD00FC0F09 /* Project10_Names_to_Faces */ = {
			isa = PBXNativeTarget;
			buildConfigurationList = FB605EE82A61A0C000FC0F09 /* Build configuration list for PBXNativeTarget "Project10_Names_to_Faces" */;
			buildPhases = (
				FB605ED02A61A0BD00FC0F09 /* Sources */,
				FB605ED12A61A0BD00FC0F09 /* Frameworks */,
				FB605ED22A61A0BD00FC0F09 /* Resources */,
			);
			buildRules = (
			);
			dependencies = (
			);
			name = Project10_Names_to_Faces;
			productName = Project10_Names_to_Faces;
			productReference = FB605ED42A61A0BD00FC0F09 /* Project10_Names_to_Faces.app */;
			productType = "com.apple.product-type.application";
		};
/* End PBXNativeTarget section */

/* Begin PBXProject section */
		FB605ECC2A61A0BD00FC0F09 /* Project object */ = {
			isa = PBXProject;
			attributes = {
				BuildIndependentTargetsInParallel = 1;
				LastSwiftUpdateCheck = 1430;
				LastUpgradeCheck = 1430;
				TargetAttributes = {
					FB605ED32A61A0BD00FC0F09 = {
						CreatedOnToolsVersion = 14.3.1;
					};
				};
			};
			buildConfigurationList = FB605ECF2A61A0BD00FC0F09 /* Build configuration list for PBXProject "Project10_Names_to_Faces" */;
			compatibilityVersion = "Xcode 14.0";
			developmentRegion = en;
			hasScannedForEncodings = 0;
			knownRegions = (
				en,
				Base,
			);
			mainGroup = FB605ECB2A61A0BD00FC0F09;
			productRefGroup = FB605ED52A61A0BD00FC0F09 /* Products */;
			projectDirPath = "";
			projectRoot = "";
			targets = (
				FB605ED32A61A0BD00FC0F09 /* Project10_Names_to_Faces */,
			);
		};
/* End PBXProject section */

/* Begin PBXResourcesBuildPhase section */
		FB605ED22A61A0BD00FC0F09 /* Resources */ = {
			isa = PBXResourcesBuildPhase;
			buildActionMask = 2147483647;
			files = (
				FB605EE42A61A0C000FC0F09 /* LaunchScreen.storyboard in Resources */,
				FB605EE12A61A0C000FC0F09 /* Assets.xcassets in Resources */,
				FB605EDF2A61A0BE00FC0F09 /* Main.storyboard in Resources */,
			);
			runOnlyForDeploymentPostprocessing = 0;
		};
/* End PBXResourcesBuildPhase section */

/* Begin PBXSourcesBuildPhase section */
		FB605ED02A61A0BD00FC0F09 /* Sources */ = {
			isa = PBXSourcesBuildPhase;
			buildActionMask = 2147483647;
			files = (
				FB75AE032A6AC73E003733A7 /* Person.swift in Sources */,
				FB605EDC2A61A0BE00FC0F09 /* ViewController.swift in Sources */,
				FB605ED82A61A0BE00FC0F09 /* AppDelegate.swift in Sources */,
				FB75AE012A6A6CB9003733A7 /* PersonCell.swift in Sources */,
				FB605EDA2A61A0BE00FC0F09 /* SceneDelegate.swift in Sources */,
			);
			runOnlyForDeploymentPostprocessing = 0;
		};
/* End PBXSourcesBuildPhase section */

/* Begin PBXVariantGroup section */
		FB605EDD2A61A0BE00FC0F09 /* Main.storyboard */ = {
			isa = PBXVariantGroup;
			children = (
				FB605EDE2A61A0BE00FC0F09 /* Base */,
			);
			name = Main.storyboard;
			sourceTree = "<group>";
		};
		FB605EE22A61A0C000FC0F09 /* LaunchScreen.storyboard */ = {
			isa = PBXVariantGroup;
			children = (
				FB605EE32A61A0C000FC0F09 /* Base */,
			);
			name = LaunchScreen.storyboard;
			sourceTree = "<group>";
		};
/* End PBXVariantGroup section */

/* Begin XCBuildConfiguration section */
		FB605EE62A61A0C000FC0F09 /* Debug */ = {
			isa = XCBuildConfiguration;
			buildSettings = {
				ALWAYS_SEARCH_USER_PATHS = NO;
				CLANG_ANALYZER_NONNULL = YES;
				CLANG_ANALYZER_NUMBER_OBJECT_CONVERSION = YES_AGGRESSIVE;
				CLANG_CXX_LANGUAGE_STANDARD = "gnu++20";
				CLANG_ENABLE_MODULES = YES;
				CLANG_ENABLE_OBJC_ARC = YES;
				CLANG_ENABLE_OBJC_WEAK = YES;
				CLANG_WARN_BLOCK_CAPTURE_AUTORELEASING = YES;
				CLANG_WARN_BOOL_CONVERSION = YES;
				CLANG_WARN_COMMA = YES;
				CLANG_WARN_CONSTANT_CONVERSION = YES;
				CLANG_WARN_DEPRECATED_OBJC_IMPLEMENTATIONS = YES;
				CLANG_WARN_DIRECT_OBJC_ISA_USAGE = YES_ERROR;
				CLANG_WARN_DOCUMENTATION_COMMENTS = YES;
				CLANG_WARN_EMPTY_BODY = YES;
				CLANG_WARN_ENUM_CONVERSION = YES;
				CLANG_WARN_INFINITE_RECURSION = YES;
				CLANG_WARN_INT_CONVERSION = YES;
				CLANG_WARN_NON_LITERAL_NULL_CONVERSION = YES;
				CLANG_WARN_OBJC_IMPLICIT_RETAIN_SELF = YES;
				CLANG_WARN_OBJC_LITERAL_CONVERSION = YES;
				CLANG_WARN_OBJC_ROOT_CLASS = YES_ERROR;
				CLANG_WARN_QUOTED_INCLUDE_IN_FRAMEWORK_HEADER = YES;
				CLANG_WARN_RANGE_LOOP_ANALYSIS = YES;
				CLANG_WARN_STRICT_PROTOTYPES = YES;
				CLANG_WARN_SUSPICIOUS_MOVE = YES;
				CLANG_WARN_UNGUARDED_AVAILABILITY = YES_AGGRESSIVE;
				CLANG_WARN_UNREACHABLE_CODE = YES;
				CLANG_WARN__DUPLICATE_METHOD_MATCH = YES;
				COPY_PHASE_STRIP = NO;
				DEBUG_INFORMATION_FORMAT = dwarf;
				ENABLE_STRICT_OBJC_MSGSEND = YES;
				ENABLE_TESTABILITY = YES;
				GCC_C_LANGUAGE_STANDARD = gnu11;
				GCC_DYNAMIC_NO_PIC = NO;
				GCC_NO_COMMON_BLOCKS = YES;
				GCC_OPTIMIZATION_LEVEL = 0;
				GCC_PREPROCESSOR_DEFINITIONS = (
					"DEBUG=1",
					"$(inherited)",
				);
				GCC_WARN_64_TO_32_BIT_CONVERSION = YES;
				GCC_WARN_ABOUT_RETURN_TYPE = YES_ERROR;
				GCC_WARN_UNDECLARED_SELECTOR = YES;
				GCC_WARN_UNINITIALIZED_AUTOS = YES_AGGRESSIVE;
				GCC_WARN_UNUSED_FUNCTION = YES;
				GCC_WARN_UNUSED_VARIABLE = YES;
				IPHONEOS_DEPLOYMENT_TARGET = 16.4;
				MTL_ENABLE_DEBUG_INFO = INCLUDE_SOURCE;
				MTL_FAST_MATH = YES;
				ONLY_ACTIVE_ARCH = YES;
				SDKROOT = iphoneos;
				SWIFT_ACTIVE_COMPILATION_CONDITIONS = DEBUG;
				SWIFT_OPTIMIZATION_LEVEL = "-Onone";
			};
			name = Debug;
		};
		FB605EE72A61A0C000FC0F09 /* Release */ = {
			isa = XCBuildConfiguration;
			buildSettings = {
				ALWAYS_SEARCH_USER_PATHS = NO;
				CLANG_ANALYZER_NONNULL = YES;
				CLANG_ANALYZER_NUMBER_OBJECT_CONVERSION = YES_AGGRESSIVE;
				CLANG_CXX_LANGUAGE_STANDARD = "gnu++20";
				CLANG_ENABLE_MODULES = YES;
				CLANG_ENABLE_OBJC_ARC = YES;
				CLANG_ENABLE_OBJC_WEAK = YES;
				CLANG_WARN_BLOCK_CAPTURE_AUTORELEASING = YES;
				CLANG_WARN_BOOL_CONVERSION = YES;
				CLANG_WARN_COMMA = YES;
				CLANG_WARN_CONSTANT_CONVERSION = YES;
				CLANG_WARN_DEPRECATED_OBJC_IMPLEMENTATIONS = YES;
				CLANG_WARN_DIRECT_OBJC_ISA_USAGE = YES_ERROR;
				CLANG_WARN_DOCUMENTATION_COMMENTS = YES;
				CLANG_WARN_EMPTY_BODY = YES;
				CLANG_WARN_ENUM_CONVERSION = YES;
				CLANG_WARN_INFINITE_RECURSION = YES;
				CLANG_WARN_INT_CONVERSION = YES;
				CLANG_WARN_NON_LITERAL_NULL_CONVERSION = YES;
				CLANG_WARN_OBJC_IMPLICIT_RETAIN_SELF = YES;
				CLANG_WARN_OBJC_LITERAL_CONVERSION = YES;
				CLANG_WARN_OBJC_ROOT_CLASS = YES_ERROR;
				CLANG_WARN_QUOTED_INCLUDE_IN_FRAMEWORK_HEADER = YES;
				CLANG_WARN_RANGE_LOOP_ANALYSIS = YES;
				CLANG_WARN_STRICT_PROTOTYPES = YES;
				CLANG_WARN_SUSPICIOUS_MOVE = YES;
				CLANG_WARN_UNGUARDED_AVAILABILITY = YES_AGGRESSIVE;
				CLANG_WARN_UNREACHABLE_CODE = YES;
				CLANG_WARN__DUPLICATE_METHOD_MATCH = YES;
				COPY_PHASE_STRIP = NO;
				DEBUG_INFORMATION_FORMAT = "dwarf-with-dsym";
				ENABLE_NS_ASSERTIONS = NO;
				ENABLE_STRICT_OBJC_MSGSEND = YES;
				GCC_C_LANGUAGE_STANDARD = gnu11;
				GCC_NO_COMMON_BLOCKS = YES;
				GCC_WARN_64_TO_32_BIT_CONVERSION = YES;
				GCC_WARN_ABOUT_RETURN_TYPE = YES_ERROR;
				GCC_WARN_UNDECLARED_SELECTOR = YES;
				GCC_WARN_UNINITIALIZED_AUTOS = YES_AGGRESSIVE;
				GCC_WARN_UNUSED_FUNCTION = YES;
				GCC_WARN_UNUSED_VARIABLE = YES;
				IPHONEOS_DEPLOYMENT_TARGET = 16.4;
				MTL_ENABLE_DEBUG_INFO = NO;
				MTL_FAST_MATH = YES;
				SDKROOT = iphoneos;
				SWIFT_COMPILATION_MODE = wholemodule;
				SWIFT_OPTIMIZATION_LEVEL = "-O";
				VALIDATE_PRODUCT = YES;
			};
			name = Release;
		};
		FB605EE92A61A0C000FC0F09 /* Debug */ = {
			isa = XCBuildConfiguration;
			buildSettings = {
				ASSETCATALOG_COMPILER_APPICON_NAME = AppIcon;
				ASSETCATALOG_COMPILER_GLOBAL_ACCENT_COLOR_NAME = AccentColor;
				CODE_SIGN_STYLE = Automatic;
				CURRENT_PROJECT_VERSION = 1;
				DEVELOPMENT_TEAM = 76Y8THNQ6B;
				GENERATE_INFOPLIST_FILE = YES;
				INFOPLIST_FILE = Project10_Names_to_Faces/Info.plist;
				INFOPLIST_KEY_UIApplicationSupportsIndirectInputEvents = YES;
				INFOPLIST_KEY_UILaunchStoryboardName = LaunchScreen;
				INFOPLIST_KEY_UIMainStoryboardFile = Main;
				INFOPLIST_KEY_UISupportedInterfaceOrientations_iPad = "UIInterfaceOrientationPortrait UIInterfaceOrientationPortraitUpsideDown UIInterfaceOrientationLandscapeLeft UIInterfaceOrientationLandscapeRight";
				INFOPLIST_KEY_UISupportedInterfaceOrientations_iPhone = "UIInterfaceOrientationPortrait UIInterfaceOrientationLandscapeLeft UIInterfaceOrientationLandscapeRight";
				LD_RUNPATH_SEARCH_PATHS = (
					"$(inherited)",
					"@executable_path/Frameworks",
				);
				MARKETING_VERSION = 1.0;
				PRODUCT_BUNDLE_IDENTIFIER = "com.pullupladder.Project10-Names-to-Faces";
				PRODUCT_NAME = "$(TARGET_NAME)";
				SWIFT_EMIT_LOC_STRINGS = YES;
				SWIFT_VERSION = 5.0;
				TARGETED_DEVICE_FAMILY = "1,2";
			};
			name = Debug;
		};
		FB605EEA2A61A0C000FC0F09 /* Release */ = {
			isa = XCBuildConfiguration;
			buildSettings = {
				ASSETCATALOG_COMPILER_APPICON_NAME = AppIcon;
				ASSETCATALOG_COMPILER_GLOBAL_ACCENT_COLOR_NAME = AccentColor;
				CODE_SIGN_STYLE = Automatic;
				CURRENT_PROJECT_VERSION = 1;
				DEVELOPMENT_TEAM = 76Y8THNQ6B;
				GENERATE_INFOPLIST_FILE = YES;
				INFOPLIST_FILE = Project10_Names_to_Faces/Info.plist;
				INFOPLIST_KEY_UIApplicationSupportsIndirectInputEvents = YES;
				INFOPLIST_KEY_UILaunchStoryboardName = LaunchScreen;
				INFOPLIST_KEY_UIMainStoryboardFile = Main;
				INFOPLIST_KEY_UISupportedInterfaceOrientations_iPad = "UIInterfaceOrientationPortrait UIInterfaceOrientationPortraitUpsideDown UIInterfaceOrientationLandscapeLeft UIInterfaceOrientationLandscapeRight";
				INFOPLIST_KEY_UISupportedInterfaceOrientations_iPhone = "UIInterfaceOrientationPortrait UIInterfaceOrientationLandscapeLeft UIInterfaceOrientationLandscapeRight";
				LD_RUNPATH_SEARCH_PATHS = (
					"$(inherited)",
					"@executable_path/Frameworks",
				);
				MARKETING_VERSION = 1.0;
				PRODUCT_BUNDLE_IDENTIFIER = "com.pullupladder.Project10-Names-to-Faces";
				PRODUCT_NAME = "$(TARGET_NAME)";
				SWIFT_EMIT_LOC_STRINGS = YES;
				SWIFT_VERSION = 5.0;
				TARGETED_DEVICE_FAMILY = "1,2";
			};
			name = Release;
		};
/* End XCBuildConfiguration section */

/* Begin XCConfigurationList section */
		FB605ECF2A61A0BD00FC0F09 /* Build configuration list for PBXProject "Project10_Names_to_Faces" */ = {
			isa = XCConfigurationList;
			buildConfigurations = (
				FB605EE62A61A0C000FC0F09 /* Debug */,
				FB605EE72A61A0C000FC0F09 /* Release */,
			);
			defaultConfigurationIsVisible = 0;
			defaultConfigurationName = Release;
		};
		FB605EE82A61A0C000FC0F09 /* Build configuration list for PBXNativeTarget "Project10_Names_to_Faces" */ = {
			isa = XCConfigurationList;
			buildConfigurations = (
				FB605EE92A61A0C000FC0F09 /* Debug */,
				FB605EEA2A61A0C000FC0F09 /* Release */,
			);
			defaultConfigurationIsVisible = 0;
			defaultConfigurationName = Release;
		};
/* End XCConfigurationList section */
	};
	rootObject = FB605ECC2A61A0BD00FC0F09 /* Project object */;
}
